
Microsoft Visual Studio Solution File, Format Version 12.00
# Visual Studio Version 16
VisualStudioVersion = 16.0.31402.337
MinimumVisualStudioVersion = 10.0.40219.1
Project("{9A19103F-16F7-4668-BE54-9A1E7A4F7556}") = "getQuoteAPI", "getQuoteAPI\getQuoteAPI.csproj", "{ADDF40F8-222E-4BF2-93AA-CBBA942E9CA5}"
EndProject
Project("{9A19103F-16F7-4668-BE54-9A1E7A4F7556}") = "getQuote.Infrastructure", "getQuote.Infrastructure\getQuote.Infrastructure.csproj", "{2E560254-A226-431A-9BCD-D41AE92783F0}"
EndProject
Global
	GlobalSection(SolutionConfigurationPlatforms) = preSolution
		Debug|Any CPU = Debug|Any CPU
		Release|Any CPU = Release|Any CPU
	EndGlobalSection
	GlobalSection(ProjectConfigurationPlatforms) = postSolution
		{ADDF40F8-222E-4BF2-93AA-CBBA942E9CA5}.Debug|Any CPU.ActiveCfg = Debug|Any CPU
		{ADDF40F8-222E-4BF2-93AA-CBBA942E9CA5}.Debug|Any CPU.Build.0 = Debug|Any CPU
		{ADDF40F8-222E-4BF2-93AA-CBBA942E9CA5}.Release|Any CPU.ActiveCfg = Release|Any CPU
		{ADDF40F8-222E-4BF2-93AA-CBBA942E9CA5}.Release|Any CPU.Build.0 = Release|Any CPU
		{2E560254-A226-431A-9BCD-D41AE92783F0}.Debug|Any CPU.ActiveCfg = Debug|Any CPU
		{2E560254-A226-431A-9BCD-D41AE92783F0}.Debug|Any CPU.Build.0 = Debug|Any CPU
		{2E560254-A226-431A-9BCD-D41AE92783F0}.Release|Any CPU.ActiveCfg = Release|Any CPU
		{2E560254-A226-431A-9BCD-D41AE92783F0}.Release|Any CPU.Build.0 = Release|Any CPU
	EndGlobalSection
	GlobalSection(SolutionProperties) = preSolution
		HideSolutionNode = FALSE
	EndGlobalSection
	GlobalSection(ExtensibilityGlobals) = postSolution
		SolutionGuid = {2D4C1E01-7FFC-4F3D-8E7B-F560C5E90CA2}
	EndGlobalSection
EndGlobal
